// !$*UTF8*$!
{
	archiveVersion = 1;
	classes = {
	};
	objectVersion = 55;
	objects = {

/* Begin PBXBuildFile section */
		29C5AD7228CFDCDD00DBA97E /* FavoriteBreweriesView.xib in Resources */ = {isa = PBXBuildFile; fileRef = 29C5AD7128CFDCDD00DBA97E /* FavoriteBreweriesView.xib */; };
		29C5AD7528CFDE4A00DBA97E /* FavoriteBreweriesViewController.swift in Sources */ = {isa = PBXBuildFile; fileRef = 29C5AD7428CFDE4A00DBA97E /* FavoriteBreweriesViewController.swift */; };
		29C5AD7728CFE33500DBA97E /* EmptyStateView.xib in Resources */ = {isa = PBXBuildFile; fileRef = 29C5AD7628CFE33500DBA97E /* EmptyStateView.xib */; };
		29C5AD7A28CFE42D00DBA97E /* EmptyStateView.swift in Sources */ = {isa = PBXBuildFile; fileRef = 29C5AD7928CFE42D00DBA97E /* EmptyStateView.swift */; };
		29C5AD7D28CFE97B00DBA97E /* FavoriteBreweriesViewModel.swift in Sources */ = {isa = PBXBuildFile; fileRef = 29C5AD7C28CFE97B00DBA97E /* FavoriteBreweriesViewModel.swift */; };
		2B58EFA928AD2EB10061B631 /* UILabelExtension.swift in Sources */ = {isa = PBXBuildFile; fileRef = 2B58EFA828AD2EB10061B631 /* UILabelExtension.swift */; };
		2B58EFAA28AD36880061B631 /* Quicksand-Bold.ttf in Resources */ = {isa = PBXBuildFile; fileRef = 2BCB6A0228AD11780037099C /* Quicksand-Bold.ttf */; };
		2B58EFAB28AD36880061B631 /* Quicksand-Medium.ttf in Resources */ = {isa = PBXBuildFile; fileRef = 2B58EFA628AD1CD60061B631 /* Quicksand-Medium.ttf */; };
		2B58EFAC28AD36880061B631 /* Quicksand-Regular.ttf in Resources */ = {isa = PBXBuildFile; fileRef = 2BCB6A0328AD117F0037099C /* Quicksand-Regular.ttf */; };
		2B58EFAE28AD4E070061B631 /* CALayerExtension.swift in Sources */ = {isa = PBXBuildFile; fileRef = 2B58EFAD28AD4E070061B631 /* CALayerExtension.swift */; };
		2B5FA60028CFBB590056DE0E /* FavoriteListView.xib in Resources */ = {isa = PBXBuildFile; fileRef = 2B5FA5FF28CFBB590056DE0E /* FavoriteListView.xib */; };
		2B5FA60828CFD17A0056DE0E /* BreweryTableViewCell.swift in Sources */ = {isa = PBXBuildFile; fileRef = 2B5FA60728CFD17A0056DE0E /* BreweryTableViewCell.swift */; };
		2B5FA60A28CFD24F0056DE0E /* BreweryTableViewCell.xib in Resources */ = {isa = PBXBuildFile; fileRef = 2B5FA60928CFD24F0056DE0E /* BreweryTableViewCell.xib */; };
		2B5FA60F28CFDCF60056DE0E /* FavoriteListView.swift in Sources */ = {isa = PBXBuildFile; fileRef = 2B5FA60E28CFDCF60056DE0E /* FavoriteListView.swift */; };
		2B7E5CEB28D0F23000F69F81 /* RatedBreweriesViewModel.swift in Sources */ = {isa = PBXBuildFile; fileRef = 2B7E5CEA28D0F23000F69F81 /* RatedBreweriesViewModel.swift */; };
		2B7E5CEE28D0F25C00F69F81 /* RatedBreweriesViewController.swift in Sources */ = {isa = PBXBuildFile; fileRef = 2B7E5CED28D0F25C00F69F81 /* RatedBreweriesViewController.swift */; };
		2B7E5CF028D0F27300F69F81 /* RatedBreweriesViewController.xib in Resources */ = {isa = PBXBuildFile; fileRef = 2B7E5CEF28D0F27300F69F81 /* RatedBreweriesViewController.xib */; };
		2B7E5CF328D0F7F100F69F81 /* FillEmailView.xib in Resources */ = {isa = PBXBuildFile; fileRef = 2B7E5CF228D0F7F100F69F81 /* FillEmailView.xib */; };
		2B7E5CF528D0F7FD00F69F81 /* FillEmailView.swift in Sources */ = {isa = PBXBuildFile; fileRef = 2B7E5CF428D0F7FD00F69F81 /* FillEmailView.swift */; };
		2B92A11A28AC3AAD00E6FB05 /* BreweryDetailViewController.swift in Sources */ = {isa = PBXBuildFile; fileRef = 2B92A11928AC3AAD00E6FB05 /* BreweryDetailViewController.swift */; };
		2B92A12028AC4E8100E6FB05 /* BreweryDetailViewModel.swift in Sources */ = {isa = PBXBuildFile; fileRef = 2B92A11F28AC4E8100E6FB05 /* BreweryDetailViewModel.swift */; };
		2B92A12228AC51CD00E6FB05 /* BreweryDetailView.swift in Sources */ = {isa = PBXBuildFile; fileRef = 2B92A12128AC51CD00E6FB05 /* BreweryDetailView.swift */; };
		2B92A12428AC587000E6FB05 /* BreweryObject.swift in Sources */ = {isa = PBXBuildFile; fileRef = 2B92A12328AC587000E6FB05 /* BreweryObject.swift */; };
		2BCFD90828B6682800F3DFA9 /* RatingViewController.xib in Resources */ = {isa = PBXBuildFile; fileRef = 2BCFD90728B6682800F3DFA9 /* RatingViewController.xib */; };
		2BD6CECB28AEAD1400B729C4 /* UIFontExtension.swift in Sources */ = {isa = PBXBuildFile; fileRef = 2BD6CECA28AEAD1400B729C4 /* UIFontExtension.swift */; };
		2BD6CECD28AEAED900B729C4 /* UIColorExtension.swift in Sources */ = {isa = PBXBuildFile; fileRef = 2BD6CECC28AEAED900B729C4 /* UIColorExtension.swift */; };
		2BD6CECF28AEFB3000B729C4 /* FileManagerExtension.swift in Sources */ = {isa = PBXBuildFile; fileRef = 2BD6CECE28AEFB3000B729C4 /* FileManagerExtension.swift */; };
		2BD9460028AA79CC00CFC657 /* SceneDelegate.swift in Sources */ = {isa = PBXBuildFile; fileRef = 2BD945FF28AA79CC00CFC657 /* SceneDelegate.swift */; };
		2BD9460E28AAB08C00CFC657 /* App+Injection.swift in Sources */ = {isa = PBXBuildFile; fileRef = 2BD9460D28AAB08C00CFC657 /* App+Injection.swift */; };
		337D825628AC0B2A00DBAA56 /* Roboto-Medium.ttf in Resources */ = {isa = PBXBuildFile; fileRef = 337D824628AC0B2A00DBAA56 /* Roboto-Medium.ttf */; };
		337D825728AC0B2A00DBAA56 /* Roboto-Light.ttf in Resources */ = {isa = PBXBuildFile; fileRef = 337D824728AC0B2A00DBAA56 /* Roboto-Light.ttf */; };
		337D825828AC0B2A00DBAA56 /* Roboto-Regular.ttf in Resources */ = {isa = PBXBuildFile; fileRef = 337D824828AC0B2A00DBAA56 /* Roboto-Regular.ttf */; };
		337D825928AC0B2A00DBAA56 /* Roboto-MediumItalic.ttf in Resources */ = {isa = PBXBuildFile; fileRef = 337D824928AC0B2A00DBAA56 /* Roboto-MediumItalic.ttf */; };
		337D825A28AC0B2A00DBAA56 /* Roboto-BoldCondensed.ttf in Resources */ = {isa = PBXBuildFile; fileRef = 337D824A28AC0B2A00DBAA56 /* Roboto-BoldCondensed.ttf */; };
		337D825B28AC0B2A00DBAA56 /* Roboto-BoldCondensedItalic.ttf in Resources */ = {isa = PBXBuildFile; fileRef = 337D824B28AC0B2A00DBAA56 /* Roboto-BoldCondensedItalic.ttf */; };
		337D825C28AC0B2A00DBAA56 /* Roboto-Condensed.ttf in Resources */ = {isa = PBXBuildFile; fileRef = 337D824C28AC0B2A00DBAA56 /* Roboto-Condensed.ttf */; };
		337D825D28AC0B2A00DBAA56 /* Roboto-ThinItalic.ttf in Resources */ = {isa = PBXBuildFile; fileRef = 337D824D28AC0B2A00DBAA56 /* Roboto-ThinItalic.ttf */; };
		337D825E28AC0B2A00DBAA56 /* Roboto-BoldItalic.ttf in Resources */ = {isa = PBXBuildFile; fileRef = 337D824E28AC0B2A00DBAA56 /* Roboto-BoldItalic.ttf */; };
		337D825F28AC0B2A00DBAA56 /* Roboto-LightItalic.ttf in Resources */ = {isa = PBXBuildFile; fileRef = 337D824F28AC0B2A00DBAA56 /* Roboto-LightItalic.ttf */; };
		337D826028AC0B2A00DBAA56 /* Roboto-CondensedItalic.ttf in Resources */ = {isa = PBXBuildFile; fileRef = 337D825028AC0B2A00DBAA56 /* Roboto-CondensedItalic.ttf */; };
		337D826128AC0B2A00DBAA56 /* Roboto-Italic.ttf in Resources */ = {isa = PBXBuildFile; fileRef = 337D825128AC0B2A00DBAA56 /* Roboto-Italic.ttf */; };
		337D826228AC0B2A00DBAA56 /* Roboto-BlackItalic.ttf in Resources */ = {isa = PBXBuildFile; fileRef = 337D825228AC0B2A00DBAA56 /* Roboto-BlackItalic.ttf */; };
		337D826328AC0B2A00DBAA56 /* Roboto-Bold.ttf in Resources */ = {isa = PBXBuildFile; fileRef = 337D825328AC0B2A00DBAA56 /* Roboto-Bold.ttf */; };
		337D826428AC0B2A00DBAA56 /* Roboto-Thin.ttf in Resources */ = {isa = PBXBuildFile; fileRef = 337D825428AC0B2A00DBAA56 /* Roboto-Thin.ttf */; };
		337D826528AC0B2A00DBAA56 /* Roboto-Black.ttf in Resources */ = {isa = PBXBuildFile; fileRef = 337D825528AC0B2A00DBAA56 /* Roboto-Black.ttf */; };
		337D826928AC0B4E00DBAA56 /* ErrorStateView.xib in Resources */ = {isa = PBXBuildFile; fileRef = 337D826828AC0B4E00DBAA56 /* ErrorStateView.xib */; };
		33BD22AF28AD5ADE0004FEE4 /* OpenMap.swift in Sources */ = {isa = PBXBuildFile; fileRef = 33BD22AE28AD5ADE0004FEE4 /* OpenMap.swift */; };
		33BD22B328AD7C8F0004FEE4 /* SucessStateView.xib in Resources */ = {isa = PBXBuildFile; fileRef = 33BD22B228AD7C8F0004FEE4 /* SucessStateView.xib */; };
		33BD22B728AD86530004FEE4 /* SucessStateView.swift in Sources */ = {isa = PBXBuildFile; fileRef = 33BD22B628AD86530004FEE4 /* SucessStateView.swift */; };
		33DD4E2E28AEC1A60077D800 /* BreweryDetailView.xib in Resources */ = {isa = PBXBuildFile; fileRef = 33DD4E2D28AEC1A60077D800 /* BreweryDetailView.xib */; };
		33DD4E3028AECCF80077D800 /* RatedBreweryView.xib in Resources */ = {isa = PBXBuildFile; fileRef = 33DD4E2F28AECCF80077D800 /* RatedBreweryView.xib */; };
		33DD4E3228AED46D0077D800 /* RatedBreweryView.swift in Sources */ = {isa = PBXBuildFile; fileRef = 33DD4E3128AED46D0077D800 /* RatedBreweryView.swift */; };
		33DD4E3428AEDA680077D800 /* RatingViewModel.swift in Sources */ = {isa = PBXBuildFile; fileRef = 33DD4E3328AEDA680077D800 /* RatingViewModel.swift */; };
		AFEA879A62761B993E50D17E /* Pods_CI_T_Brewery.framework in Frameworks */ = {isa = PBXBuildFile; fileRef = F41AE76C9AD1C7C0C2F627E0 /* Pods_CI_T_Brewery.framework */; };
		B93EF75E28AE039800BFA9C6 /* Extensions.swift in Sources */ = {isa = PBXBuildFile; fileRef = B93EF75D28AE039800BFA9C6 /* Extensions.swift */; };
		B93EF76228AE8D0200BFA9C6 /* FailureStateView.swift in Sources */ = {isa = PBXBuildFile; fileRef = B93EF76028AE8D0100BFA9C6 /* FailureStateView.swift */; };
		B93EF76328AE8D0200BFA9C6 /* FailureStateView.xib in Resources */ = {isa = PBXBuildFile; fileRef = B93EF76128AE8D0100BFA9C6 /* FailureStateView.xib */; };
		B93EF76628AFB99E00BFA9C6 /* CarouselView.xib in Resources */ = {isa = PBXBuildFile; fileRef = B93EF76528AFB99D00BFA9C6 /* CarouselView.xib */; };
		B93EF76828AFBEE900BFA9C6 /* CarouselCell.xib in Resources */ = {isa = PBXBuildFile; fileRef = B93EF76728AFBEE900BFA9C6 /* CarouselCell.xib */; };
		B93EF76A28AFC30100BFA9C6 /* CarouselView.swift in Sources */ = {isa = PBXBuildFile; fileRef = B93EF76928AFC30100BFA9C6 /* CarouselView.swift */; };
		B93EF76C28B0118C00BFA9C6 /* CarouselCellView.swift in Sources */ = {isa = PBXBuildFile; fileRef = B93EF76B28B0118C00BFA9C6 /* CarouselCellView.swift */; };
		B99B87E528AD732800BF31A0 /* RatingViewController.swift in Sources */ = {isa = PBXBuildFile; fileRef = B99B87E428AD732800BF31A0 /* RatingViewController.swift */; };
		B99FDE0A28A58F4D00F5DA30 /* AppDelegate.swift in Sources */ = {isa = PBXBuildFile; fileRef = B99FDE0928A58F4D00F5DA30 /* AppDelegate.swift */; };
		B99FDE0E28A58F4D00F5DA30 /* HomeViewController.swift in Sources */ = {isa = PBXBuildFile; fileRef = B99FDE0D28A58F4D00F5DA30 /* HomeViewController.swift */; };
		B99FDE1328A58F4E00F5DA30 /* Assets.xcassets in Resources */ = {isa = PBXBuildFile; fileRef = B99FDE1228A58F4E00F5DA30 /* Assets.xcassets */; };
		B99FDE1628A58F4E00F5DA30 /* LaunchScreen.storyboard in Resources */ = {isa = PBXBuildFile; fileRef = B99FDE1428A58F4E00F5DA30 /* LaunchScreen.storyboard */; };
		B99FDE2128A58F4E00F5DA30 /* CI_T_BreweryTests.swift in Sources */ = {isa = PBXBuildFile; fileRef = B99FDE2028A58F4E00F5DA30 /* CI_T_BreweryTests.swift */; };
		B99FDE2B28A58F4E00F5DA30 /* CI_T_BreweryUITests.swift in Sources */ = {isa = PBXBuildFile; fileRef = B99FDE2A28A58F4E00F5DA30 /* CI_T_BreweryUITests.swift */; };
		B99FDE2D28A58F4E00F5DA30 /* CI_T_BreweryUITestsLaunchTests.swift in Sources */ = {isa = PBXBuildFile; fileRef = B99FDE2C28A58F4E00F5DA30 /* CI_T_BreweryUITestsLaunchTests.swift */; };
		B99FDE4128AA966D00F5DA30 /* Brewery.swift in Sources */ = {isa = PBXBuildFile; fileRef = B99FDE4028AA966D00F5DA30 /* Brewery.swift */; };
		B99FDE4328AAC8ED00F5DA30 /* HomeViewModel.swift in Sources */ = {isa = PBXBuildFile; fileRef = B99FDE4228AAC8ED00F5DA30 /* HomeViewModel.swift */; };
		B99FDE4C28AC00BD00F5DA30 /* BreweryListTableViewCell.xib in Resources */ = {isa = PBXBuildFile; fileRef = B99FDE4428AC00BD00F5DA30 /* BreweryListTableViewCell.xib */; };
		B99FDE4D28AC00BD00F5DA30 /* BreweryListView.swift in Sources */ = {isa = PBXBuildFile; fileRef = B99FDE4528AC00BD00F5DA30 /* BreweryListView.swift */; };
		B99FDE4E28AC00BD00F5DA30 /* APIManagerService.swift in Sources */ = {isa = PBXBuildFile; fileRef = B99FDE4728AC00BD00F5DA30 /* APIManagerService.swift */; };
		B99FDE4F28AC00BD00F5DA30 /* BreweryRepository.swift in Sources */ = {isa = PBXBuildFile; fileRef = B99FDE4828AC00BD00F5DA30 /* BreweryRepository.swift */; };
		B99FDE5028AC00BD00F5DA30 /* BreweryAPIService.swift in Sources */ = {isa = PBXBuildFile; fileRef = B99FDE4928AC00BD00F5DA30 /* BreweryAPIService.swift */; };
		B99FDE5128AC00BD00F5DA30 /* BreweryListView.xib in Resources */ = {isa = PBXBuildFile; fileRef = B99FDE4A28AC00BD00F5DA30 /* BreweryListView.xib */; };
		B99FDE5228AC00BD00F5DA30 /* BreweryListTableViewCell.swift in Sources */ = {isa = PBXBuildFile; fileRef = B99FDE4B28AC00BD00F5DA30 /* BreweryListTableViewCell.swift */; };
		B99FDE5628AC10E700F5DA30 /* ErrorStateView.swift in Sources */ = {isa = PBXBuildFile; fileRef = B99FDE5528AC10E600F5DA30 /* ErrorStateView.swift */; };
		D22C936D28CFB5F100C64EA7 /* CITModel.xcdatamodeld in Sources */ = {isa = PBXBuildFile; fileRef = D22C936B28CFB5F100C64EA7 /* CITModel.xcdatamodeld */; };
		D22C936F28CFB86300C64EA7 /* ViewCont+CoreDataExtension.swift in Sources */ = {isa = PBXBuildFile; fileRef = D22C936E28CFB86300C64EA7 /* ViewCont+CoreDataExtension.swift */; };
		D22C937128CFB9D500C64EA7 /* FavoriteBreweriesManager.swift in Sources */ = {isa = PBXBuildFile; fileRef = D22C937028CFB9D500C64EA7 /* FavoriteBreweriesManager.swift */; };
		D2AD32EC28ABDB8E00CABCD3 /* Localizable.strings in Resources */ = {isa = PBXBuildFile; fileRef = D2AD32EE28ABDB8E00CABCD3 /* Localizable.strings */; };
		D2AD32F028ABDD9300CABCD3 /* HomeViewController.xib in Resources */ = {isa = PBXBuildFile; fileRef = D2AD32F228ABDD9300CABCD3 /* HomeViewController.xib */; };
		D2AF0AD328B51D0300EAF89B /* BrewerySortView.xib in Resources */ = {isa = PBXBuildFile; fileRef = D2AF0AD228B51D0300EAF89B /* BrewerySortView.xib */; };
		D2AF0AD528B51D3500EAF89B /* BrewerySortView.swift in Sources */ = {isa = PBXBuildFile; fileRef = D2AF0AD428B51D3500EAF89B /* BrewerySortView.swift */; };
/* End PBXBuildFile section */

/* Begin PBXContainerItemProxy section */
		B99FDE1D28A58F4E00F5DA30 /* PBXContainerItemProxy */ = {
			isa = PBXContainerItemProxy;
			containerPortal = B99FDDFE28A58F4D00F5DA30 /* Project object */;
			proxyType = 1;
			remoteGlobalIDString = B99FDE0528A58F4D00F5DA30;
			remoteInfo = "CI&T Brewery";
		};
		B99FDE2728A58F4E00F5DA30 /* PBXContainerItemProxy */ = {
			isa = PBXContainerItemProxy;
			containerPortal = B99FDDFE28A58F4D00F5DA30 /* Project object */;
			proxyType = 1;
			remoteGlobalIDString = B99FDE0528A58F4D00F5DA30;
			remoteInfo = "CI&T Brewery";
		};
/* End PBXContainerItemProxy section */

/* Begin PBXFileReference section */
		29C5AD7128CFDCDD00DBA97E /* FavoriteBreweriesView.xib */ = {isa = PBXFileReference; fileEncoding = 4; lastKnownFileType = file.xib; path = FavoriteBreweriesView.xib; sourceTree = "<group>"; };
		29C5AD7428CFDE4A00DBA97E /* FavoriteBreweriesViewController.swift */ = {isa = PBXFileReference; lastKnownFileType = sourcecode.swift; path = FavoriteBreweriesViewController.swift; sourceTree = "<group>"; };
		29C5AD7628CFE33500DBA97E /* EmptyStateView.xib */ = {isa = PBXFileReference; fileEncoding = 4; lastKnownFileType = file.xib; path = EmptyStateView.xib; sourceTree = "<group>"; };
		29C5AD7928CFE42D00DBA97E /* EmptyStateView.swift */ = {isa = PBXFileReference; lastKnownFileType = sourcecode.swift; path = EmptyStateView.swift; sourceTree = "<group>"; };
		29C5AD7C28CFE97B00DBA97E /* FavoriteBreweriesViewModel.swift */ = {isa = PBXFileReference; lastKnownFileType = sourcecode.swift; path = FavoriteBreweriesViewModel.swift; sourceTree = "<group>"; };
		2B58EFA628AD1CD60061B631 /* Quicksand-Medium.ttf */ = {isa = PBXFileReference; lastKnownFileType = file; path = "Quicksand-Medium.ttf"; sourceTree = "<group>"; };
		2B58EFA828AD2EB10061B631 /* UILabelExtension.swift */ = {isa = PBXFileReference; lastKnownFileType = sourcecode.swift; path = UILabelExtension.swift; sourceTree = "<group>"; };
		2B58EFAD28AD4E070061B631 /* CALayerExtension.swift */ = {isa = PBXFileReference; lastKnownFileType = sourcecode.swift; path = CALayerExtension.swift; sourceTree = "<group>"; };
		2B5FA5FF28CFBB590056DE0E /* FavoriteListView.xib */ = {isa = PBXFileReference; lastKnownFileType = file.xib; path = FavoriteListView.xib; sourceTree = "<group>"; };
		2B5FA60728CFD17A0056DE0E /* BreweryTableViewCell.swift */ = {isa = PBXFileReference; lastKnownFileType = sourcecode.swift; path = BreweryTableViewCell.swift; sourceTree = "<group>"; };
		2B5FA60928CFD24F0056DE0E /* BreweryTableViewCell.xib */ = {isa = PBXFileReference; lastKnownFileType = file.xib; path = BreweryTableViewCell.xib; sourceTree = "<group>"; };
		2B5FA60E28CFDCF60056DE0E /* FavoriteListView.swift */ = {isa = PBXFileReference; lastKnownFileType = sourcecode.swift; path = FavoriteListView.swift; sourceTree = "<group>"; };
		2B7E5CEA28D0F23000F69F81 /* RatedBreweriesViewModel.swift */ = {isa = PBXFileReference; lastKnownFileType = sourcecode.swift; path = RatedBreweriesViewModel.swift; sourceTree = "<group>"; };
		2B7E5CED28D0F25C00F69F81 /* RatedBreweriesViewController.swift */ = {isa = PBXFileReference; lastKnownFileType = sourcecode.swift; path = RatedBreweriesViewController.swift; sourceTree = "<group>"; };
		2B7E5CEF28D0F27300F69F81 /* RatedBreweriesViewController.xib */ = {isa = PBXFileReference; lastKnownFileType = file.xib; path = RatedBreweriesViewController.xib; sourceTree = "<group>"; };
		2B7E5CF228D0F7F100F69F81 /* FillEmailView.xib */ = {isa = PBXFileReference; lastKnownFileType = file.xib; path = FillEmailView.xib; sourceTree = "<group>"; };
		2B7E5CF428D0F7FD00F69F81 /* FillEmailView.swift */ = {isa = PBXFileReference; lastKnownFileType = sourcecode.swift; path = FillEmailView.swift; sourceTree = "<group>"; };
		2B92A11928AC3AAD00E6FB05 /* BreweryDetailViewController.swift */ = {isa = PBXFileReference; lastKnownFileType = sourcecode.swift; path = BreweryDetailViewController.swift; sourceTree = "<group>"; };
		2B92A11F28AC4E8100E6FB05 /* BreweryDetailViewModel.swift */ = {isa = PBXFileReference; lastKnownFileType = sourcecode.swift; path = BreweryDetailViewModel.swift; sourceTree = "<group>"; };
		2B92A12128AC51CD00E6FB05 /* BreweryDetailView.swift */ = {isa = PBXFileReference; lastKnownFileType = sourcecode.swift; path = BreweryDetailView.swift; sourceTree = "<group>"; };
		2B92A12328AC587000E6FB05 /* BreweryObject.swift */ = {isa = PBXFileReference; lastKnownFileType = sourcecode.swift; path = BreweryObject.swift; sourceTree = "<group>"; };
		2BCB6A0228AD11780037099C /* Quicksand-Bold.ttf */ = {isa = PBXFileReference; lastKnownFileType = file; path = "Quicksand-Bold.ttf"; sourceTree = "<group>"; };
		2BCB6A0328AD117F0037099C /* Quicksand-Regular.ttf */ = {isa = PBXFileReference; lastKnownFileType = file; path = "Quicksand-Regular.ttf"; sourceTree = "<group>"; };
		2BCFD90728B6682800F3DFA9 /* RatingViewController.xib */ = {isa = PBXFileReference; fileEncoding = 4; lastKnownFileType = file.xib; path = RatingViewController.xib; sourceTree = "<group>"; };
		2BD6CECA28AEAD1400B729C4 /* UIFontExtension.swift */ = {isa = PBXFileReference; lastKnownFileType = sourcecode.swift; path = UIFontExtension.swift; sourceTree = "<group>"; };
		2BD6CECC28AEAED900B729C4 /* UIColorExtension.swift */ = {isa = PBXFileReference; lastKnownFileType = sourcecode.swift; path = UIColorExtension.swift; sourceTree = "<group>"; };
		2BD6CECE28AEFB3000B729C4 /* FileManagerExtension.swift */ = {isa = PBXFileReference; lastKnownFileType = sourcecode.swift; path = FileManagerExtension.swift; sourceTree = "<group>"; };
		2BD945FF28AA79CC00CFC657 /* SceneDelegate.swift */ = {isa = PBXFileReference; fileEncoding = 4; lastKnownFileType = sourcecode.swift; path = SceneDelegate.swift; sourceTree = "<group>"; };
		2BD9460D28AAB08C00CFC657 /* App+Injection.swift */ = {isa = PBXFileReference; lastKnownFileType = sourcecode.swift; path = "App+Injection.swift"; sourceTree = "<group>"; };
		337D824628AC0B2A00DBAA56 /* Roboto-Medium.ttf */ = {isa = PBXFileReference; lastKnownFileType = file; path = "Roboto-Medium.ttf"; sourceTree = "<group>"; };
		337D824728AC0B2A00DBAA56 /* Roboto-Light.ttf */ = {isa = PBXFileReference; lastKnownFileType = file; path = "Roboto-Light.ttf"; sourceTree = "<group>"; };
		337D824828AC0B2A00DBAA56 /* Roboto-Regular.ttf */ = {isa = PBXFileReference; lastKnownFileType = file; path = "Roboto-Regular.ttf"; sourceTree = "<group>"; };
		337D824928AC0B2A00DBAA56 /* Roboto-MediumItalic.ttf */ = {isa = PBXFileReference; lastKnownFileType = file; path = "Roboto-MediumItalic.ttf"; sourceTree = "<group>"; };
		337D824A28AC0B2A00DBAA56 /* Roboto-BoldCondensed.ttf */ = {isa = PBXFileReference; lastKnownFileType = file; path = "Roboto-BoldCondensed.ttf"; sourceTree = "<group>"; };
		337D824B28AC0B2A00DBAA56 /* Roboto-BoldCondensedItalic.ttf */ = {isa = PBXFileReference; lastKnownFileType = file; path = "Roboto-BoldCondensedItalic.ttf"; sourceTree = "<group>"; };
		337D824C28AC0B2A00DBAA56 /* Roboto-Condensed.ttf */ = {isa = PBXFileReference; lastKnownFileType = file; path = "Roboto-Condensed.ttf"; sourceTree = "<group>"; };
		337D824D28AC0B2A00DBAA56 /* Roboto-ThinItalic.ttf */ = {isa = PBXFileReference; lastKnownFileType = file; path = "Roboto-ThinItalic.ttf"; sourceTree = "<group>"; };
		337D824E28AC0B2A00DBAA56 /* Roboto-BoldItalic.ttf */ = {isa = PBXFileReference; lastKnownFileType = file; path = "Roboto-BoldItalic.ttf"; sourceTree = "<group>"; };
		337D824F28AC0B2A00DBAA56 /* Roboto-LightItalic.ttf */ = {isa = PBXFileReference; lastKnownFileType = file; path = "Roboto-LightItalic.ttf"; sourceTree = "<group>"; };
		337D825028AC0B2A00DBAA56 /* Roboto-CondensedItalic.ttf */ = {isa = PBXFileReference; lastKnownFileType = file; path = "Roboto-CondensedItalic.ttf"; sourceTree = "<group>"; };
		337D825128AC0B2A00DBAA56 /* Roboto-Italic.ttf */ = {isa = PBXFileReference; lastKnownFileType = file; path = "Roboto-Italic.ttf"; sourceTree = "<group>"; };
		337D825228AC0B2A00DBAA56 /* Roboto-BlackItalic.ttf */ = {isa = PBXFileReference; lastKnownFileType = file; path = "Roboto-BlackItalic.ttf"; sourceTree = "<group>"; };
		337D825328AC0B2A00DBAA56 /* Roboto-Bold.ttf */ = {isa = PBXFileReference; lastKnownFileType = file; path = "Roboto-Bold.ttf"; sourceTree = "<group>"; };
		337D825428AC0B2A00DBAA56 /* Roboto-Thin.ttf */ = {isa = PBXFileReference; lastKnownFileType = file; path = "Roboto-Thin.ttf"; sourceTree = "<group>"; };
		337D825528AC0B2A00DBAA56 /* Roboto-Black.ttf */ = {isa = PBXFileReference; lastKnownFileType = file; path = "Roboto-Black.ttf"; sourceTree = "<group>"; };
		337D826828AC0B4E00DBAA56 /* ErrorStateView.xib */ = {isa = PBXFileReference; fileEncoding = 4; lastKnownFileType = file.xib; path = ErrorStateView.xib; sourceTree = "<group>"; };
		33BD22AE28AD5ADE0004FEE4 /* OpenMap.swift */ = {isa = PBXFileReference; lastKnownFileType = sourcecode.swift; name = OpenMap.swift; path = ../Rating/Details/OpenMap.swift; sourceTree = "<group>"; };
		33BD22B228AD7C8F0004FEE4 /* SucessStateView.xib */ = {isa = PBXFileReference; lastKnownFileType = file.xib; name = SucessStateView.xib; path = ../Details/SucessStateView.xib; sourceTree = "<group>"; };
		33BD22B628AD86530004FEE4 /* SucessStateView.swift */ = {isa = PBXFileReference; lastKnownFileType = sourcecode.swift; name = SucessStateView.swift; path = ../Details/SucessStateView.swift; sourceTree = "<group>"; };
		33DD4E2D28AEC1A60077D800 /* BreweryDetailView.xib */ = {isa = PBXFileReference; fileEncoding = 4; lastKnownFileType = file.xib; path = BreweryDetailView.xib; sourceTree = "<group>"; };
		33DD4E2F28AECCF80077D800 /* RatedBreweryView.xib */ = {isa = PBXFileReference; lastKnownFileType = file.xib; path = RatedBreweryView.xib; sourceTree = "<group>"; };
		33DD4E3128AED46D0077D800 /* RatedBreweryView.swift */ = {isa = PBXFileReference; lastKnownFileType = sourcecode.swift; path = RatedBreweryView.swift; sourceTree = "<group>"; };
		33DD4E3328AEDA680077D800 /* RatingViewModel.swift */ = {isa = PBXFileReference; lastKnownFileType = sourcecode.swift; name = RatingViewModel.swift; path = "CI&T Brewery/Rating/ViewModel/RatingViewModel.swift"; sourceTree = SOURCE_ROOT; };
		49094571AD87ED0514619389 /* Pods-CI&T Brewery.debug.xcconfig */ = {isa = PBXFileReference; includeInIndex = 1; lastKnownFileType = text.xcconfig; name = "Pods-CI&T Brewery.debug.xcconfig"; path = "Target Support Files/Pods-CI&T Brewery/Pods-CI&T Brewery.debug.xcconfig"; sourceTree = "<group>"; };
		91378E3B21169E401BFDC185 /* Pods-CI&T Brewery.release.xcconfig */ = {isa = PBXFileReference; includeInIndex = 1; lastKnownFileType = text.xcconfig; name = "Pods-CI&T Brewery.release.xcconfig"; path = "Target Support Files/Pods-CI&T Brewery/Pods-CI&T Brewery.release.xcconfig"; sourceTree = "<group>"; };
		B93EF75D28AE039800BFA9C6 /* Extensions.swift */ = {isa = PBXFileReference; lastKnownFileType = sourcecode.swift; path = Extensions.swift; sourceTree = "<group>"; };
		B93EF76028AE8D0100BFA9C6 /* FailureStateView.swift */ = {isa = PBXFileReference; fileEncoding = 4; lastKnownFileType = sourcecode.swift; path = FailureStateView.swift; sourceTree = "<group>"; };
		B93EF76128AE8D0100BFA9C6 /* FailureStateView.xib */ = {isa = PBXFileReference; fileEncoding = 4; lastKnownFileType = file.xib; path = FailureStateView.xib; sourceTree = "<group>"; };
		B93EF76528AFB99D00BFA9C6 /* CarouselView.xib */ = {isa = PBXFileReference; lastKnownFileType = file.xib; path = CarouselView.xib; sourceTree = "<group>"; };
		B93EF76728AFBEE900BFA9C6 /* CarouselCell.xib */ = {isa = PBXFileReference; lastKnownFileType = file.xib; path = CarouselCell.xib; sourceTree = "<group>"; };
		B93EF76928AFC30100BFA9C6 /* CarouselView.swift */ = {isa = PBXFileReference; lastKnownFileType = sourcecode.swift; path = CarouselView.swift; sourceTree = "<group>"; };
		B93EF76B28B0118C00BFA9C6 /* CarouselCellView.swift */ = {isa = PBXFileReference; lastKnownFileType = sourcecode.swift; path = CarouselCellView.swift; sourceTree = "<group>"; };
		B99B87E428AD732800BF31A0 /* RatingViewController.swift */ = {isa = PBXFileReference; lastKnownFileType = sourcecode.swift; path = RatingViewController.swift; sourceTree = "<group>"; };
		B99FDE0628A58F4D00F5DA30 /* CI&T Brewery.app */ = {isa = PBXFileReference; explicitFileType = wrapper.application; includeInIndex = 0; path = "CI&T Brewery.app"; sourceTree = BUILT_PRODUCTS_DIR; };
		B99FDE0928A58F4D00F5DA30 /* AppDelegate.swift */ = {isa = PBXFileReference; lastKnownFileType = sourcecode.swift; path = AppDelegate.swift; sourceTree = "<group>"; };
		B99FDE0D28A58F4D00F5DA30 /* HomeViewController.swift */ = {isa = PBXFileReference; lastKnownFileType = sourcecode.swift; path = HomeViewController.swift; sourceTree = "<group>"; usesTabs = 0; };
		B99FDE1228A58F4E00F5DA30 /* Assets.xcassets */ = {isa = PBXFileReference; lastKnownFileType = folder.assetcatalog; path = Assets.xcassets; sourceTree = "<group>"; };
		B99FDE1528A58F4E00F5DA30 /* Base */ = {isa = PBXFileReference; lastKnownFileType = file.storyboard; name = Base; path = Base.lproj/LaunchScreen.storyboard; sourceTree = "<group>"; };
		B99FDE1728A58F4E00F5DA30 /* Info.plist */ = {isa = PBXFileReference; lastKnownFileType = text.plist.xml; path = Info.plist; sourceTree = "<group>"; };
		B99FDE1C28A58F4E00F5DA30 /* CI&T BreweryTests.xctest */ = {isa = PBXFileReference; explicitFileType = wrapper.cfbundle; includeInIndex = 0; path = "CI&T BreweryTests.xctest"; sourceTree = BUILT_PRODUCTS_DIR; };
		B99FDE2028A58F4E00F5DA30 /* CI_T_BreweryTests.swift */ = {isa = PBXFileReference; lastKnownFileType = sourcecode.swift; path = CI_T_BreweryTests.swift; sourceTree = "<group>"; };
		B99FDE2628A58F4E00F5DA30 /* CI&T BreweryUITests.xctest */ = {isa = PBXFileReference; explicitFileType = wrapper.cfbundle; includeInIndex = 0; path = "CI&T BreweryUITests.xctest"; sourceTree = BUILT_PRODUCTS_DIR; };
		B99FDE2A28A58F4E00F5DA30 /* CI_T_BreweryUITests.swift */ = {isa = PBXFileReference; lastKnownFileType = sourcecode.swift; path = CI_T_BreweryUITests.swift; sourceTree = "<group>"; };
		B99FDE2C28A58F4E00F5DA30 /* CI_T_BreweryUITestsLaunchTests.swift */ = {isa = PBXFileReference; lastKnownFileType = sourcecode.swift; path = CI_T_BreweryUITestsLaunchTests.swift; sourceTree = "<group>"; };
		B99FDE4028AA966D00F5DA30 /* Brewery.swift */ = {isa = PBXFileReference; lastKnownFileType = sourcecode.swift; path = Brewery.swift; sourceTree = "<group>"; };
		B99FDE4228AAC8ED00F5DA30 /* HomeViewModel.swift */ = {isa = PBXFileReference; lastKnownFileType = sourcecode.swift; path = HomeViewModel.swift; sourceTree = "<group>"; };
		B99FDE4428AC00BD00F5DA30 /* BreweryListTableViewCell.xib */ = {isa = PBXFileReference; fileEncoding = 4; lastKnownFileType = file.xib; name = BreweryListTableViewCell.xib; path = "CI&T Brewery/Home/View/BreweryListTableViewCell/BreweryListTableViewCell.xib"; sourceTree = SOURCE_ROOT; };
		B99FDE4528AC00BD00F5DA30 /* BreweryListView.swift */ = {isa = PBXFileReference; fileEncoding = 4; lastKnownFileType = sourcecode.swift; name = BreweryListView.swift; path = "CI&T Brewery/Home/View/BreweryListView/BreweryListView.swift"; sourceTree = SOURCE_ROOT; };
		B99FDE4728AC00BD00F5DA30 /* APIManagerService.swift */ = {isa = PBXFileReference; fileEncoding = 4; lastKnownFileType = sourcecode.swift; path = APIManagerService.swift; sourceTree = "<group>"; };
		B99FDE4828AC00BD00F5DA30 /* BreweryRepository.swift */ = {isa = PBXFileReference; fileEncoding = 4; lastKnownFileType = sourcecode.swift; path = BreweryRepository.swift; sourceTree = "<group>"; };
		B99FDE4928AC00BD00F5DA30 /* BreweryAPIService.swift */ = {isa = PBXFileReference; fileEncoding = 4; lastKnownFileType = sourcecode.swift; path = BreweryAPIService.swift; sourceTree = "<group>"; };
		B99FDE4A28AC00BD00F5DA30 /* BreweryListView.xib */ = {isa = PBXFileReference; fileEncoding = 4; lastKnownFileType = file.xib; name = BreweryListView.xib; path = "CI&T Brewery/Home/View/BreweryListView/BreweryListView.xib"; sourceTree = SOURCE_ROOT; };
		B99FDE4B28AC00BD00F5DA30 /* BreweryListTableViewCell.swift */ = {isa = PBXFileReference; fileEncoding = 4; lastKnownFileType = sourcecode.swift; name = BreweryListTableViewCell.swift; path = "CI&T Brewery/Home/View/BreweryListTableViewCell/BreweryListTableViewCell.swift"; sourceTree = SOURCE_ROOT; };
		B99FDE5528AC10E600F5DA30 /* ErrorStateView.swift */ = {isa = PBXFileReference; fileEncoding = 4; lastKnownFileType = sourcecode.swift; path = ErrorStateView.swift; sourceTree = "<group>"; };
		D22C936C28CFB5F100C64EA7 /* CITModel.xcdatamodel */ = {isa = PBXFileReference; lastKnownFileType = wrapper.xcdatamodel; path = CITModel.xcdatamodel; sourceTree = "<group>"; };
		D22C936E28CFB86300C64EA7 /* ViewCont+CoreDataExtension.swift */ = {isa = PBXFileReference; lastKnownFileType = sourcecode.swift; path = "ViewCont+CoreDataExtension.swift"; sourceTree = "<group>"; };
		D22C937028CFB9D500C64EA7 /* FavoriteBreweriesManager.swift */ = {isa = PBXFileReference; lastKnownFileType = sourcecode.swift; path = FavoriteBreweriesManager.swift; sourceTree = "<group>"; };
		D2AD32E928ABD9C200CABCD3 /* pt-BR */ = {isa = PBXFileReference; lastKnownFileType = text.plist.strings; name = "pt-BR"; path = "pt-BR.lproj/LaunchScreen.strings"; sourceTree = "<group>"; };
		D2AD32ED28ABDB8E00CABCD3 /* pt-BR */ = {isa = PBXFileReference; lastKnownFileType = text.plist.strings; name = "pt-BR"; path = "pt-BR.lproj/Localizable.strings"; sourceTree = "<group>"; };
		D2AD32F328ABDD9D00CABCD3 /* Base */ = {isa = PBXFileReference; lastKnownFileType = file.xib; name = Base; path = Base.lproj/HomeViewController.xib; sourceTree = "<group>"; };
		D2AD32F428ABDDD400CABCD3 /* pt-BR */ = {isa = PBXFileReference; lastKnownFileType = text.plist.strings; name = "pt-BR"; path = "pt-BR.lproj/HomeViewController.strings"; sourceTree = "<group>"; };
		D2AF0AD228B51D0300EAF89B /* BrewerySortView.xib */ = {isa = PBXFileReference; lastKnownFileType = file.xib; path = BrewerySortView.xib; sourceTree = "<group>"; };
		D2AF0AD428B51D3500EAF89B /* BrewerySortView.swift */ = {isa = PBXFileReference; lastKnownFileType = sourcecode.swift; path = BrewerySortView.swift; sourceTree = "<group>"; };
		F41AE76C9AD1C7C0C2F627E0 /* Pods_CI_T_Brewery.framework */ = {isa = PBXFileReference; explicitFileType = wrapper.framework; includeInIndex = 0; path = Pods_CI_T_Brewery.framework; sourceTree = BUILT_PRODUCTS_DIR; };
/* End PBXFileReference section */

/* Begin PBXFrameworksBuildPhase section */
		B99FDE0328A58F4D00F5DA30 /* Frameworks */ = {
			isa = PBXFrameworksBuildPhase;
			buildActionMask = 2147483647;
			files = (
				AFEA879A62761B993E50D17E /* Pods_CI_T_Brewery.framework in Frameworks */,
			);
			runOnlyForDeploymentPostprocessing = 0;
		};
		B99FDE1928A58F4E00F5DA30 /* Frameworks */ = {
			isa = PBXFrameworksBuildPhase;
			buildActionMask = 2147483647;
			files = (
			);
			runOnlyForDeploymentPostprocessing = 0;
		};
		B99FDE2328A58F4E00F5DA30 /* Frameworks */ = {
			isa = PBXFrameworksBuildPhase;
			buildActionMask = 2147483647;
			files = (
			);
			runOnlyForDeploymentPostprocessing = 0;
		};
/* End PBXFrameworksBuildPhase section */

/* Begin PBXGroup section */
		152F7328484A51664085778A /* Pods */ = {
			isa = PBXGroup;
			children = (
				49094571AD87ED0514619389 /* Pods-CI&T Brewery.debug.xcconfig */,
				91378E3B21169E401BFDC185 /* Pods-CI&T Brewery.release.xcconfig */,
			);
			path = Pods;
			sourceTree = "<group>";
		};
		29C5AD6D28CFDA3B00DBA97E /* FavoriteBreweries */ = {
			isa = PBXGroup;
			children = (
				29C5AD7B28CFE96200DBA97E /* ViewModel */,
				29C5AD6E28CFDA4500DBA97E /* View */,
			);
			path = FavoriteBreweries;
			sourceTree = "<group>";
		};
		29C5AD6E28CFDA4500DBA97E /* View */ = {
			isa = PBXGroup;
			children = (
				2B5FA60B28CFDC780056DE0E /* FavoriteListView */,
				2B5FA60428CFD0620056DE0E /* BreweryTableViewCell */,
				29C5AD7828CFE33B00DBA97E /* EmptyStateView */,
				29C5AD7328CFDE1E00DBA97E /* ViewController */,
				29C5AD7128CFDCDD00DBA97E /* FavoriteBreweriesView.xib */,
			);
			path = View;
			sourceTree = "<group>";
		};
		29C5AD7328CFDE1E00DBA97E /* ViewController */ = {
			isa = PBXGroup;
			children = (
				29C5AD7428CFDE4A00DBA97E /* FavoriteBreweriesViewController.swift */,
			);
			path = ViewController;
			sourceTree = "<group>";
		};
		29C5AD7828CFE33B00DBA97E /* EmptyStateView */ = {
			isa = PBXGroup;
			children = (
				29C5AD7628CFE33500DBA97E /* EmptyStateView.xib */,
				29C5AD7928CFE42D00DBA97E /* EmptyStateView.swift */,
			);
			path = EmptyStateView;
			sourceTree = "<group>";
		};
		29C5AD7B28CFE96200DBA97E /* ViewModel */ = {
			isa = PBXGroup;
			children = (
				29C5AD7C28CFE97B00DBA97E /* FavoriteBreweriesViewModel.swift */,
			);
			path = ViewModel;
			sourceTree = "<group>";
		};
		29F3C33728D0C7A50067D1EF /* ViewModel */ = {
			isa = PBXGroup;
			children = (
				33DD4E3328AEDA680077D800 /* RatingViewModel.swift */,
			);
			path = ViewModel;
			sourceTree = "<group>";
		};
		2B58EFA728AD2E6F0061B631 /* Utils */ = {
			isa = PBXGroup;
			children = (
				33BD22AE28AD5ADE0004FEE4 /* OpenMap.swift */,
				2B58EFA828AD2EB10061B631 /* UILabelExtension.swift */,
				2B58EFAD28AD4E070061B631 /* CALayerExtension.swift */,
				2BD6CECA28AEAD1400B729C4 /* UIFontExtension.swift */,
				2BD6CECC28AEAED900B729C4 /* UIColorExtension.swift */,
				2BD6CECE28AEFB3000B729C4 /* FileManagerExtension.swift */,
				D22C936E28CFB86300C64EA7 /* ViewCont+CoreDataExtension.swift */,
				D22C937028CFB9D500C64EA7 /* FavoriteBreweriesManager.swift */,
			);
			path = Utils;
			sourceTree = "<group>";
		};
		2B5FA60428CFD0620056DE0E /* BreweryTableViewCell */ = {
			isa = PBXGroup;
			children = (
				2B5FA60728CFD17A0056DE0E /* BreweryTableViewCell.swift */,
				2B5FA60928CFD24F0056DE0E /* BreweryTableViewCell.xib */,
			);
			path = BreweryTableViewCell;
			sourceTree = "<group>";
		};
		2B5FA60B28CFDC780056DE0E /* FavoriteListView */ = {
			isa = PBXGroup;
			children = (
				2B5FA5FF28CFBB590056DE0E /* FavoriteListView.xib */,
				2B5FA60E28CFDCF60056DE0E /* FavoriteListView.swift */,
			);
			path = FavoriteListView;
			sourceTree = "<group>";
		};
		2B7E5CE728D0F1F000F69F81 /* RatedBreweries */ = {
			isa = PBXGroup;
			children = (
				2B7E5CE928D0F20600F69F81 /* View */,
				2B7E5CE828D0F1FD00F69F81 /* ViewModel */,
			);
			path = RatedBreweries;
			sourceTree = "<group>";
		};
		2B7E5CE828D0F1FD00F69F81 /* ViewModel */ = {
			isa = PBXGroup;
			children = (
				2B7E5CEA28D0F23000F69F81 /* RatedBreweriesViewModel.swift */,
			);
			path = ViewModel;
			sourceTree = "<group>";
		};
		2B7E5CE928D0F20600F69F81 /* View */ = {
			isa = PBXGroup;
			children = (
				2B7E5CF128D0F7D500F69F81 /* FillEmailView */,
				2B7E5CEC28D0F23D00F69F81 /* ViewController */,
				2B7E5CEF28D0F27300F69F81 /* RatedBreweriesViewController.xib */,
			);
			path = View;
			sourceTree = "<group>";
		};
		2B7E5CEC28D0F23D00F69F81 /* ViewController */ = {
			isa = PBXGroup;
			children = (
				2B7E5CED28D0F25C00F69F81 /* RatedBreweriesViewController.swift */,
			);
			path = ViewController;
			sourceTree = "<group>";
		};
		2B7E5CF128D0F7D500F69F81 /* FillEmailView */ = {
			isa = PBXGroup;
			children = (
				2B7E5CF228D0F7F100F69F81 /* FillEmailView.xib */,
				2B7E5CF428D0F7FD00F69F81 /* FillEmailView.swift */,
			);
			path = FillEmailView;
			sourceTree = "<group>";
		};
		2B92A11528AC3A0B00E6FB05 /* BreweryDetail */ = {
			isa = PBXGroup;
			children = (
				2B92A11628AC3A4300E6FB05 /* View */,
				2B92A11728AC3A5000E6FB05 /* ViewModel */,
			);
			path = BreweryDetail;
			sourceTree = "<group>";
		};
		2B92A11628AC3A4300E6FB05 /* View */ = {
			isa = PBXGroup;
			children = (
				2B92A11828AC3A8600E6FB05 /* ViewController */,
				2B92A12128AC51CD00E6FB05 /* BreweryDetailView.swift */,
				2B92A12328AC587000E6FB05 /* BreweryObject.swift */,
			);
			path = View;
			sourceTree = "<group>";
		};
		2B92A11728AC3A5000E6FB05 /* ViewModel */ = {
			isa = PBXGroup;
			children = (
				2B92A11F28AC4E8100E6FB05 /* BreweryDetailViewModel.swift */,
			);
			path = ViewModel;
			sourceTree = "<group>";
		};
		2B92A11828AC3A8600E6FB05 /* ViewController */ = {
			isa = PBXGroup;
			children = (
				33DD4E2D28AEC1A60077D800 /* BreweryDetailView.xib */,
				2B92A11928AC3AAD00E6FB05 /* BreweryDetailViewController.swift */,
			);
			path = ViewController;
			sourceTree = "<group>";
		};
		2BD9460C28AAB07800CFC657 /* Injection */ = {
			isa = PBXGroup;
			children = (
				2BD9460D28AAB08C00CFC657 /* App+Injection.swift */,
			);
			path = Injection;
			sourceTree = "<group>";
		};
		337D824528AC0B2A00DBAA56 /* Fonts */ = {
			isa = PBXGroup;
			children = (
				337D824628AC0B2A00DBAA56 /* Roboto-Medium.ttf */,
				337D824728AC0B2A00DBAA56 /* Roboto-Light.ttf */,
				337D824828AC0B2A00DBAA56 /* Roboto-Regular.ttf */,
				337D824928AC0B2A00DBAA56 /* Roboto-MediumItalic.ttf */,
				337D824A28AC0B2A00DBAA56 /* Roboto-BoldCondensed.ttf */,
				337D824B28AC0B2A00DBAA56 /* Roboto-BoldCondensedItalic.ttf */,
				337D824C28AC0B2A00DBAA56 /* Roboto-Condensed.ttf */,
				337D824D28AC0B2A00DBAA56 /* Roboto-ThinItalic.ttf */,
				337D824E28AC0B2A00DBAA56 /* Roboto-BoldItalic.ttf */,
				337D824F28AC0B2A00DBAA56 /* Roboto-LightItalic.ttf */,
				337D825028AC0B2A00DBAA56 /* Roboto-CondensedItalic.ttf */,
				337D825128AC0B2A00DBAA56 /* Roboto-Italic.ttf */,
				337D825228AC0B2A00DBAA56 /* Roboto-BlackItalic.ttf */,
				337D825328AC0B2A00DBAA56 /* Roboto-Bold.ttf */,
				2B58EFA628AD1CD60061B631 /* Quicksand-Medium.ttf */,
				2BCB6A0328AD117F0037099C /* Quicksand-Regular.ttf */,
				337D825428AC0B2A00DBAA56 /* Roboto-Thin.ttf */,
				2BCB6A0228AD11780037099C /* Quicksand-Bold.ttf */,
				337D825528AC0B2A00DBAA56 /* Roboto-Black.ttf */,
			);
			path = Fonts;
			sourceTree = "<group>";
		};
		55513CA52EAEF0BE5C2B25B4 /* Frameworks */ = {
			isa = PBXGroup;
			children = (
				F41AE76C9AD1C7C0C2F627E0 /* Pods_CI_T_Brewery.framework */,
			);
			name = Frameworks;
			sourceTree = "<group>";
		};
		B93EF76428AFB96A00BFA9C6 /* CarouselView */ = {
			isa = PBXGroup;
			children = (
				B93EF76528AFB99D00BFA9C6 /* CarouselView.xib */,
				B93EF76728AFBEE900BFA9C6 /* CarouselCell.xib */,
				B93EF76928AFC30100BFA9C6 /* CarouselView.swift */,
				B93EF76B28B0118C00BFA9C6 /* CarouselCellView.swift */,
			);
			path = CarouselView;
			sourceTree = "<group>";
		};
		B99B87D928AD61C000BF31A0 /* ErrorStateView */ = {
			isa = PBXGroup;
			children = (
				B99FDE5528AC10E600F5DA30 /* ErrorStateView.swift */,
				337D826828AC0B4E00DBAA56 /* ErrorStateView.xib */,
			);
			path = ErrorStateView;
			sourceTree = "<group>";
		};
		B99B87DA28AD61D100BF31A0 /* BreweryListView */ = {
			isa = PBXGroup;
			children = (
				B99FDE4528AC00BD00F5DA30 /* BreweryListView.swift */,
				B99FDE4A28AC00BD00F5DA30 /* BreweryListView.xib */,
			);
			path = BreweryListView;
			sourceTree = "<group>";
		};
		B99B87DB28AD61EB00BF31A0 /* BreweryListTableViewCell */ = {
			isa = PBXGroup;
			children = (
				B99FDE4B28AC00BD00F5DA30 /* BreweryListTableViewCell.swift */,
				B99FDE4428AC00BD00F5DA30 /* BreweryListTableViewCell.xib */,
			);
			path = BreweryListTableViewCell;
			sourceTree = "<group>";
		};
		B99B87E028AD728D00BF31A0 /* Rating */ = {
			isa = PBXGroup;
			children = (
				29F3C33728D0C7A50067D1EF /* ViewModel */,
				B93EF75D28AE039800BFA9C6 /* Extensions.swift */,
				B99B87E128AD72A000BF31A0 /* View */,
				B99B87E428AD732800BF31A0 /* RatingViewController.swift */,
			);
			path = Rating;
			sourceTree = "<group>";
		};
		B99B87E128AD72A000BF31A0 /* View */ = {
			isa = PBXGroup;
			children = (
				2BCFD90728B6682800F3DFA9 /* RatingViewController.xib */,
				33BD22B228AD7C8F0004FEE4 /* SucessStateView.xib */,
				33BD22B628AD86530004FEE4 /* SucessStateView.swift */,
				B93EF76128AE8D0100BFA9C6 /* FailureStateView.xib */,
				B93EF76028AE8D0100BFA9C6 /* FailureStateView.swift */,
				33DD4E2F28AECCF80077D800 /* RatedBreweryView.xib */,
				33DD4E3128AED46D0077D800 /* RatedBreweryView.swift */,
			);
			path = View;
			sourceTree = "<group>";
		};
		B99FDDFD28A58F4D00F5DA30 = {
			isa = PBXGroup;
			children = (
				D22C936B28CFB5F100C64EA7 /* CITModel.xcdatamodeld */,
				B99FDE0828A58F4D00F5DA30 /* CI&T Brewery */,
				B99FDE1F28A58F4E00F5DA30 /* CI&T BreweryTests */,
				B99FDE2928A58F4E00F5DA30 /* CI&T BreweryUITests */,
				B99FDE0728A58F4D00F5DA30 /* Products */,
				152F7328484A51664085778A /* Pods */,
				55513CA52EAEF0BE5C2B25B4 /* Frameworks */,
			);
			sourceTree = "<group>";
		};
		B99FDE0728A58F4D00F5DA30 /* Products */ = {
			isa = PBXGroup;
			children = (
				B99FDE0628A58F4D00F5DA30 /* CI&T Brewery.app */,
				B99FDE1C28A58F4E00F5DA30 /* CI&T BreweryTests.xctest */,
				B99FDE2628A58F4E00F5DA30 /* CI&T BreweryUITests.xctest */,
			);
			name = Products;
			sourceTree = "<group>";
		};
		B99FDE0828A58F4D00F5DA30 /* CI&T Brewery */ = {
			isa = PBXGroup;
			children = (
				2B7E5CE728D0F1F000F69F81 /* RatedBreweries */,
				B99FDE0928A58F4D00F5DA30 /* AppDelegate.swift */,
				B99FDE1228A58F4E00F5DA30 /* Assets.xcassets */,
				2B92A11528AC3A0B00E6FB05 /* BreweryDetail */,
				29C5AD6D28CFDA3B00DBA97E /* FavoriteBreweries */,
				337D824528AC0B2A00DBAA56 /* Fonts */,
				B99FDE3928A592C200F5DA30 /* Home */,
				B99FDE1728A58F4E00F5DA30 /* Info.plist */,
				2BD9460C28AAB07800CFC657 /* Injection */,
				B99FDE1428A58F4E00F5DA30 /* LaunchScreen.storyboard */,
				D2AD32EE28ABDB8E00CABCD3 /* Localizable.strings */,
				B99FDE3F28AA963000F5DA30 /* Model */,
				B99B87E028AD728D00BF31A0 /* Rating */,
				B99FDE3C28A592F200F5DA30 /* Repository */,
				2BD945FF28AA79CC00CFC657 /* SceneDelegate.swift */,
				B99FDE4628AC00BD00F5DA30 /* Service */,
				2B58EFA728AD2E6F0061B631 /* Utils */,
			);
			path = "CI&T Brewery";
			sourceTree = "<group>";
		};
		B99FDE1F28A58F4E00F5DA30 /* CI&T BreweryTests */ = {
			isa = PBXGroup;
			children = (
				B99FDE2028A58F4E00F5DA30 /* CI_T_BreweryTests.swift */,
			);
			path = "CI&T BreweryTests";
			sourceTree = "<group>";
		};
		B99FDE2928A58F4E00F5DA30 /* CI&T BreweryUITests */ = {
			isa = PBXGroup;
			children = (
				B99FDE2A28A58F4E00F5DA30 /* CI_T_BreweryUITests.swift */,
				B99FDE2C28A58F4E00F5DA30 /* CI_T_BreweryUITestsLaunchTests.swift */,
			);
			path = "CI&T BreweryUITests";
			sourceTree = "<group>";
		};
		B99FDE3928A592C200F5DA30 /* Home */ = {
			isa = PBXGroup;
			children = (
				B99FDE3B28A592D500F5DA30 /* View */,
				B99FDE3A28A592CF00F5DA30 /* ViewModel */,
			);
			path = Home;
			sourceTree = "<group>";
		};
		B99FDE3A28A592CF00F5DA30 /* ViewModel */ = {
			isa = PBXGroup;
			children = (
				B99FDE4228AAC8ED00F5DA30 /* HomeViewModel.swift */,
			);
			path = ViewModel;
			sourceTree = "<group>";
		};
		B99FDE3B28A592D500F5DA30 /* View */ = {
			isa = PBXGroup;
			children = (
				D2AF0AD128B51CDB00EAF89B /* BrewerySortView */,
				B93EF76428AFB96A00BFA9C6 /* CarouselView */,
				B99B87DA28AD61D100BF31A0 /* BreweryListView */,
				B99B87DB28AD61EB00BF31A0 /* BreweryListTableViewCell */,
				B99B87D928AD61C000BF31A0 /* ErrorStateView */,
				D2AD32F228ABDD9300CABCD3 /* HomeViewController.xib */,
				B99FDE3E28A593E800F5DA30 /* ViewControllers */,
			);
			path = View;
			sourceTree = "<group>";
		};
		B99FDE3C28A592F200F5DA30 /* Repository */ = {
			isa = PBXGroup;
			children = (
				B99FDE4828AC00BD00F5DA30 /* BreweryRepository.swift */,
			);
			path = Repository;
			sourceTree = "<group>";
		};
		B99FDE3E28A593E800F5DA30 /* ViewControllers */ = {
			isa = PBXGroup;
			children = (
				B99FDE0D28A58F4D00F5DA30 /* HomeViewController.swift */,
			);
			path = ViewControllers;
			sourceTree = "<group>";
		};
		B99FDE3F28AA963000F5DA30 /* Model */ = {
			isa = PBXGroup;
			children = (
				B99FDE4028AA966D00F5DA30 /* Brewery.swift */,
			);
			path = Model;
			sourceTree = "<group>";
		};
		B99FDE4628AC00BD00F5DA30 /* Service */ = {
			isa = PBXGroup;
			children = (
				B99FDE4728AC00BD00F5DA30 /* APIManagerService.swift */,
				B99FDE4928AC00BD00F5DA30 /* BreweryAPIService.swift */,
			);
			path = Service;
			sourceTree = "<group>";
		};
		D2AF0AD128B51CDB00EAF89B /* BrewerySortView */ = {
			isa = PBXGroup;
			children = (
				D2AF0AD428B51D3500EAF89B /* BrewerySortView.swift */,
				D2AF0AD228B51D0300EAF89B /* BrewerySortView.xib */,
			);
			path = BrewerySortView;
			sourceTree = "<group>";
		};
/* End PBXGroup section */

/* Begin PBXNativeTarget section */
		B99FDE0528A58F4D00F5DA30 /* CI&T Brewery */ = {
			isa = PBXNativeTarget;
			buildConfigurationList = B99FDE3028A58F4E00F5DA30 /* Build configuration list for PBXNativeTarget "CI&T Brewery" */;
			buildPhases = (
				2A6B398E241CBC9A7F516F43 /* [CP] Check Pods Manifest.lock */,
				B99FDE0228A58F4D00F5DA30 /* Sources */,
				B99FDE0328A58F4D00F5DA30 /* Frameworks */,
				B99FDE0428A58F4D00F5DA30 /* Resources */,
				41AC319957D20D7E851A2B83 /* [CP] Embed Pods Frameworks */,
			);
			buildRules = (
			);
			dependencies = (
			);
			name = "CI&T Brewery";
			productName = "CI&T Brewery";
			productReference = B99FDE0628A58F4D00F5DA30 /* CI&T Brewery.app */;
			productType = "com.apple.product-type.application";
		};
		B99FDE1B28A58F4E00F5DA30 /* CI&T BreweryTests */ = {
			isa = PBXNativeTarget;
			buildConfigurationList = B99FDE3328A58F4E00F5DA30 /* Build configuration list for PBXNativeTarget "CI&T BreweryTests" */;
			buildPhases = (
				B99FDE1828A58F4E00F5DA30 /* Sources */,
				B99FDE1928A58F4E00F5DA30 /* Frameworks */,
				B99FDE1A28A58F4E00F5DA30 /* Resources */,
			);
			buildRules = (
			);
			dependencies = (
				B99FDE1E28A58F4E00F5DA30 /* PBXTargetDependency */,
			);
			name = "CI&T BreweryTests";
			productName = "CI&T BreweryTests";
			productReference = B99FDE1C28A58F4E00F5DA30 /* CI&T BreweryTests.xctest */;
			productType = "com.apple.product-type.bundle.unit-test";
		};
		B99FDE2528A58F4E00F5DA30 /* CI&T BreweryUITests */ = {
			isa = PBXNativeTarget;
			buildConfigurationList = B99FDE3628A58F4E00F5DA30 /* Build configuration list for PBXNativeTarget "CI&T BreweryUITests" */;
			buildPhases = (
				B99FDE2228A58F4E00F5DA30 /* Sources */,
				B99FDE2328A58F4E00F5DA30 /* Frameworks */,
				B99FDE2428A58F4E00F5DA30 /* Resources */,
			);
			buildRules = (
			);
			dependencies = (
				B99FDE2828A58F4E00F5DA30 /* PBXTargetDependency */,
			);
			name = "CI&T BreweryUITests";
			productName = "CI&T BreweryUITests";
			productReference = B99FDE2628A58F4E00F5DA30 /* CI&T BreweryUITests.xctest */;
			productType = "com.apple.product-type.bundle.ui-testing";
		};
/* End PBXNativeTarget section */

/* Begin PBXProject section */
		B99FDDFE28A58F4D00F5DA30 /* Project object */ = {
			isa = PBXProject;
			attributes = {
				BuildIndependentTargetsInParallel = 1;
				LastSwiftUpdateCheck = 1340;
				LastUpgradeCheck = 1340;
				TargetAttributes = {
					B99FDE0528A58F4D00F5DA30 = {
						CreatedOnToolsVersion = 13.4.1;
					};
					B99FDE1B28A58F4E00F5DA30 = {
						CreatedOnToolsVersion = 13.4.1;
						TestTargetID = B99FDE0528A58F4D00F5DA30;
					};
					B99FDE2528A58F4E00F5DA30 = {
						CreatedOnToolsVersion = 13.4.1;
						TestTargetID = B99FDE0528A58F4D00F5DA30;
					};
				};
			};
			buildConfigurationList = B99FDE0128A58F4D00F5DA30 /* Build configuration list for PBXProject "CI&T Brewery" */;
			compatibilityVersion = "Xcode 13.0";
			developmentRegion = en;
			hasScannedForEncodings = 0;
			knownRegions = (
				en,
				Base,
				"pt-BR",
			);
			mainGroup = B99FDDFD28A58F4D00F5DA30;
			productRefGroup = B99FDE0728A58F4D00F5DA30 /* Products */;
			projectDirPath = "";
			projectRoot = "";
			targets = (
				B99FDE0528A58F4D00F5DA30 /* CI&T Brewery */,
				B99FDE1B28A58F4E00F5DA30 /* CI&T BreweryTests */,
				B99FDE2528A58F4E00F5DA30 /* CI&T BreweryUITests */,
			);
		};
/* End PBXProject section */

/* Begin PBXResourcesBuildPhase section */
		B99FDE0428A58F4D00F5DA30 /* Resources */ = {
			isa = PBXResourcesBuildPhase;
			buildActionMask = 2147483647;
			files = (
				337D825D28AC0B2A00DBAA56 /* Roboto-ThinItalic.ttf in Resources */,
				2BCFD90828B6682800F3DFA9 /* RatingViewController.xib in Resources */,
				B93EF76328AE8D0200BFA9C6 /* FailureStateView.xib in Resources */,
				33DD4E2E28AEC1A60077D800 /* BreweryDetailView.xib in Resources */,
				2B7E5CF328D0F7F100F69F81 /* FillEmailView.xib in Resources */,
				2B7E5CF028D0F27300F69F81 /* RatedBreweriesViewController.xib in Resources */,
				337D825628AC0B2A00DBAA56 /* Roboto-Medium.ttf in Resources */,
				337D826228AC0B2A00DBAA56 /* Roboto-BlackItalic.ttf in Resources */,
				2B58EFAA28AD36880061B631 /* Quicksand-Bold.ttf in Resources */,
				337D825F28AC0B2A00DBAA56 /* Roboto-LightItalic.ttf in Resources */,
				337D826928AC0B4E00DBAA56 /* ErrorStateView.xib in Resources */,
				337D825828AC0B2A00DBAA56 /* Roboto-Regular.ttf in Resources */,
				33BD22B328AD7C8F0004FEE4 /* SucessStateView.xib in Resources */,
				D2AD32F028ABDD9300CABCD3 /* HomeViewController.xib in Resources */,
				337D826128AC0B2A00DBAA56 /* Roboto-Italic.ttf in Resources */,
				337D826528AC0B2A00DBAA56 /* Roboto-Black.ttf in Resources */,
				2B58EFAB28AD36880061B631 /* Quicksand-Medium.ttf in Resources */,
				337D825E28AC0B2A00DBAA56 /* Roboto-BoldItalic.ttf in Resources */,
				2B5FA60A28CFD24F0056DE0E /* BreweryTableViewCell.xib in Resources */,
				337D825728AC0B2A00DBAA56 /* Roboto-Light.ttf in Resources */,
				337D825928AC0B2A00DBAA56 /* Roboto-MediumItalic.ttf in Resources */,
				29C5AD7728CFE33500DBA97E /* EmptyStateView.xib in Resources */,
				D2AD32EC28ABDB8E00CABCD3 /* Localizable.strings in Resources */,
				B99FDE4C28AC00BD00F5DA30 /* BreweryListTableViewCell.xib in Resources */,
				B99FDE1628A58F4E00F5DA30 /* LaunchScreen.storyboard in Resources */,
				33DD4E3028AECCF80077D800 /* RatedBreweryView.xib in Resources */,
				337D826028AC0B2A00DBAA56 /* Roboto-CondensedItalic.ttf in Resources */,
				337D825A28AC0B2A00DBAA56 /* Roboto-BoldCondensed.ttf in Resources */,
				B93EF76628AFB99E00BFA9C6 /* CarouselView.xib in Resources */,
				337D826428AC0B2A00DBAA56 /* Roboto-Thin.ttf in Resources */,
				2B5FA60028CFBB590056DE0E /* FavoriteListView.xib in Resources */,
				337D826328AC0B2A00DBAA56 /* Roboto-Bold.ttf in Resources */,
				337D825B28AC0B2A00DBAA56 /* Roboto-BoldCondensedItalic.ttf in Resources */,
				337D825C28AC0B2A00DBAA56 /* Roboto-Condensed.ttf in Resources */,
				D2AF0AD328B51D0300EAF89B /* BrewerySortView.xib in Resources */,
				B99FDE1328A58F4E00F5DA30 /* Assets.xcassets in Resources */,
				29C5AD7228CFDCDD00DBA97E /* FavoriteBreweriesView.xib in Resources */,
				2B58EFAC28AD36880061B631 /* Quicksand-Regular.ttf in Resources */,
				B99FDE5128AC00BD00F5DA30 /* BreweryListView.xib in Resources */,
				B93EF76828AFBEE900BFA9C6 /* CarouselCell.xib in Resources */,
			);
			runOnlyForDeploymentPostprocessing = 0;
		};
		B99FDE1A28A58F4E00F5DA30 /* Resources */ = {
			isa = PBXResourcesBuildPhase;
			buildActionMask = 2147483647;
			files = (
			);
			runOnlyForDeploymentPostprocessing = 0;
		};
		B99FDE2428A58F4E00F5DA30 /* Resources */ = {
			isa = PBXResourcesBuildPhase;
			buildActionMask = 2147483647;
			files = (
			);
			runOnlyForDeploymentPostprocessing = 0;
		};
/* End PBXResourcesBuildPhase section */

/* Begin PBXShellScriptBuildPhase section */
		2A6B398E241CBC9A7F516F43 /* [CP] Check Pods Manifest.lock */ = {
			isa = PBXShellScriptBuildPhase;
			buildActionMask = 2147483647;
			files = (
			);
			inputFileListPaths = (
			);
			inputPaths = (
				"${PODS_PODFILE_DIR_PATH}/Podfile.lock",
				"${PODS_ROOT}/Manifest.lock",
			);
			name = "[CP] Check Pods Manifest.lock";
			outputFileListPaths = (
			);
			outputPaths = (
				"$(DERIVED_FILE_DIR)/Pods-CI&T Brewery-checkManifestLockResult.txt",
			);
			runOnlyForDeploymentPostprocessing = 0;
			shellPath = /bin/sh;
			shellScript = "diff \"${PODS_PODFILE_DIR_PATH}/Podfile.lock\" \"${PODS_ROOT}/Manifest.lock\" > /dev/null\nif [ $? != 0 ] ; then\n    # print error to STDERR\n    echo \"error: The sandbox is not in sync with the Podfile.lock. Run 'pod install' or update your CocoaPods installation.\" >&2\n    exit 1\nfi\n# This output is used by Xcode 'outputs' to avoid re-running this script phase.\necho \"SUCCESS\" > \"${SCRIPT_OUTPUT_FILE_0}\"\n";
			showEnvVarsInLog = 0;
		};
		41AC319957D20D7E851A2B83 /* [CP] Embed Pods Frameworks */ = {
			isa = PBXShellScriptBuildPhase;
			buildActionMask = 2147483647;
			files = (
			);
			inputFileListPaths = (
				"${PODS_ROOT}/Target Support Files/Pods-CI&T Brewery/Pods-CI&T Brewery-frameworks-${CONFIGURATION}-input-files.xcfilelist",
			);
			name = "[CP] Embed Pods Frameworks";
			outputFileListPaths = (
				"${PODS_ROOT}/Target Support Files/Pods-CI&T Brewery/Pods-CI&T Brewery-frameworks-${CONFIGURATION}-output-files.xcfilelist",
			);
			runOnlyForDeploymentPostprocessing = 0;
			shellPath = /bin/sh;
			shellScript = "\"${PODS_ROOT}/Target Support Files/Pods-CI&T Brewery/Pods-CI&T Brewery-frameworks.sh\"\n";
			showEnvVarsInLog = 0;
		};
/* End PBXShellScriptBuildPhase section */

/* Begin PBXSourcesBuildPhase section */
		B99FDE0228A58F4D00F5DA30 /* Sources */ = {
			isa = PBXSourcesBuildPhase;
			buildActionMask = 2147483647;
			files = (
				2B7E5CEB28D0F23000F69F81 /* RatedBreweriesViewModel.swift in Sources */,
				2B7E5CEE28D0F25C00F69F81 /* RatedBreweriesViewController.swift in Sources */,
				B99FDE4128AA966D00F5DA30 /* Brewery.swift in Sources */,
				2B5FA60828CFD17A0056DE0E /* BreweryTableViewCell.swift in Sources */,
				2B58EFA928AD2EB10061B631 /* UILabelExtension.swift in Sources */,
				B99FDE0E28A58F4D00F5DA30 /* HomeViewController.swift in Sources */,
				2B92A12428AC587000E6FB05 /* BreweryObject.swift in Sources */,
				B99FDE4D28AC00BD00F5DA30 /* BreweryListView.swift in Sources */,
				33DD4E3428AEDA680077D800 /* RatingViewModel.swift in Sources */,
				B99FDE4E28AC00BD00F5DA30 /* APIManagerService.swift in Sources */,
				D2AF0AD528B51D3500EAF89B /* BrewerySortView.swift in Sources */,
				B99B87E528AD732800BF31A0 /* RatingViewController.swift in Sources */,
				B93EF76228AE8D0200BFA9C6 /* FailureStateView.swift in Sources */,
				2B7E5CF528D0F7FD00F69F81 /* FillEmailView.swift in Sources */,
				B99FDE0E28A58F4D00F5DA30 /* HomeViewController.swift in Sources */,
				B99FDE4F28AC00BD00F5DA30 /* BreweryRepository.swift in Sources */,
				2BD6CECF28AEFB3000B729C4 /* FileManagerExtension.swift in Sources */,
				B93EF76C28B0118C00BFA9C6 /* CarouselCellView.swift in Sources */,
				2BD6CECB28AEAD1400B729C4 /* UIFontExtension.swift in Sources */,
				B99FDE5028AC00BD00F5DA30 /* BreweryAPIService.swift in Sources */,
				33DD4E3228AED46D0077D800 /* RatedBreweryView.swift in Sources */,
				2BD6CECD28AEAED900B729C4 /* UIColorExtension.swift in Sources */,
				B93EF76A28AFC30100BFA9C6 /* CarouselView.swift in Sources */,
				2B5FA60F28CFDCF60056DE0E /* FavoriteListView.swift in Sources */,
				33BD22AF28AD5ADE0004FEE4 /* OpenMap.swift in Sources */,
				B99FDE5228AC00BD00F5DA30 /* BreweryListTableViewCell.swift in Sources */,
				D22C936D28CFB5F100C64EA7 /* CITModel.xcdatamodeld in Sources */,
				2B58EFAE28AD4E070061B631 /* CALayerExtension.swift in Sources */,
				29C5AD7D28CFE97B00DBA97E /* FavoriteBreweriesViewModel.swift in Sources */,
				29C5AD7A28CFE42D00DBA97E /* EmptyStateView.swift in Sources */,
				2B92A11A28AC3AAD00E6FB05 /* BreweryDetailViewController.swift in Sources */,
				2B92A12028AC4E8100E6FB05 /* BreweryDetailViewModel.swift in Sources */,
				B99FDE0A28A58F4D00F5DA30 /* AppDelegate.swift in Sources */,
				D22C936F28CFB86300C64EA7 /* ViewCont+CoreDataExtension.swift in Sources */,
				B99FDE4328AAC8ED00F5DA30 /* HomeViewModel.swift in Sources */,
				2BD9460028AA79CC00CFC657 /* SceneDelegate.swift in Sources */,
				B93EF75E28AE039800BFA9C6 /* Extensions.swift in Sources */,
				2BD9460E28AAB08C00CFC657 /* App+Injection.swift in Sources */,
				D22C937128CFB9D500C64EA7 /* FavoriteBreweriesManager.swift in Sources */,
				29C5AD7528CFDE4A00DBA97E /* FavoriteBreweriesViewController.swift in Sources */,
				2B92A12228AC51CD00E6FB05 /* BreweryDetailView.swift in Sources */,
				B99FDE5628AC10E700F5DA30 /* ErrorStateView.swift in Sources */,
				33BD22B728AD86530004FEE4 /* SucessStateView.swift in Sources */,
			);
			runOnlyForDeploymentPostprocessing = 0;
		};
		B99FDE1828A58F4E00F5DA30 /* Sources */ = {
			isa = PBXSourcesBuildPhase;
			buildActionMask = 2147483647;
			files = (
				B99FDE2128A58F4E00F5DA30 /* CI_T_BreweryTests.swift in Sources */,
			);
			runOnlyForDeploymentPostprocessing = 0;
		};
		B99FDE2228A58F4E00F5DA30 /* Sources */ = {
			isa = PBXSourcesBuildPhase;
			buildActionMask = 2147483647;
			files = (
				B99FDE2D28A58F4E00F5DA30 /* CI_T_BreweryUITestsLaunchTests.swift in Sources */,
				B99FDE2B28A58F4E00F5DA30 /* CI_T_BreweryUITests.swift in Sources */,
			);
			runOnlyForDeploymentPostprocessing = 0;
		};
/* End PBXSourcesBuildPhase section */

/* Begin PBXTargetDependency section */
		B99FDE1E28A58F4E00F5DA30 /* PBXTargetDependency */ = {
			isa = PBXTargetDependency;
			target = B99FDE0528A58F4D00F5DA30 /* CI&T Brewery */;
			targetProxy = B99FDE1D28A58F4E00F5DA30 /* PBXContainerItemProxy */;
		};
		B99FDE2828A58F4E00F5DA30 /* PBXTargetDependency */ = {
			isa = PBXTargetDependency;
			target = B99FDE0528A58F4D00F5DA30 /* CI&T Brewery */;
			targetProxy = B99FDE2728A58F4E00F5DA30 /* PBXContainerItemProxy */;
		};
/* End PBXTargetDependency section */

/* Begin PBXVariantGroup section */
		B99FDE1428A58F4E00F5DA30 /* LaunchScreen.storyboard */ = {
			isa = PBXVariantGroup;
			children = (
				B99FDE1528A58F4E00F5DA30 /* Base */,
				D2AD32E928ABD9C200CABCD3 /* pt-BR */,
			);
			name = LaunchScreen.storyboard;
			sourceTree = "<group>";
		};
		D2AD32EE28ABDB8E00CABCD3 /* Localizable.strings */ = {
			isa = PBXVariantGroup;
			children = (
				D2AD32ED28ABDB8E00CABCD3 /* pt-BR */,
			);
			name = Localizable.strings;
			path = "CI&T Brewery";
			sourceTree = SOURCE_ROOT;
		};
		D2AD32F228ABDD9300CABCD3 /* HomeViewController.xib */ = {
			isa = PBXVariantGroup;
			children = (
				D2AD32F328ABDD9D00CABCD3 /* Base */,
				D2AD32F428ABDDD400CABCD3 /* pt-BR */,
			);
			name = HomeViewController.xib;
			sourceTree = "<group>";
		};
/* End PBXVariantGroup section */

/* Begin XCBuildConfiguration section */
		B99FDE2E28A58F4E00F5DA30 /* Debug */ = {
			isa = XCBuildConfiguration;
			buildSettings = {
				ALWAYS_SEARCH_USER_PATHS = NO;
				CLANG_ANALYZER_LOCALIZABILITY_NONLOCALIZED = YES;
				CLANG_ANALYZER_NONNULL = YES;
				CLANG_ANALYZER_NUMBER_OBJECT_CONVERSION = YES_AGGRESSIVE;
				CLANG_CXX_LANGUAGE_STANDARD = "gnu++17";
				CLANG_ENABLE_MODULES = YES;
				CLANG_ENABLE_OBJC_ARC = YES;
				CLANG_ENABLE_OBJC_WEAK = YES;
				CLANG_WARN_BLOCK_CAPTURE_AUTORELEASING = YES;
				CLANG_WARN_BOOL_CONVERSION = YES;
				CLANG_WARN_COMMA = YES;
				CLANG_WARN_CONSTANT_CONVERSION = YES;
				CLANG_WARN_DEPRECATED_OBJC_IMPLEMENTATIONS = YES;
				CLANG_WARN_DIRECT_OBJC_ISA_USAGE = YES_ERROR;
				CLANG_WARN_DOCUMENTATION_COMMENTS = YES;
				CLANG_WARN_EMPTY_BODY = YES;
				CLANG_WARN_ENUM_CONVERSION = YES;
				CLANG_WARN_INFINITE_RECURSION = YES;
				CLANG_WARN_INT_CONVERSION = YES;
				CLANG_WARN_NON_LITERAL_NULL_CONVERSION = YES;
				CLANG_WARN_OBJC_IMPLICIT_RETAIN_SELF = YES;
				CLANG_WARN_OBJC_LITERAL_CONVERSION = YES;
				CLANG_WARN_OBJC_ROOT_CLASS = YES_ERROR;
				CLANG_WARN_QUOTED_INCLUDE_IN_FRAMEWORK_HEADER = YES;
				CLANG_WARN_RANGE_LOOP_ANALYSIS = YES;
				CLANG_WARN_STRICT_PROTOTYPES = YES;
				CLANG_WARN_SUSPICIOUS_MOVE = YES;
				CLANG_WARN_UNGUARDED_AVAILABILITY = YES_AGGRESSIVE;
				CLANG_WARN_UNREACHABLE_CODE = YES;
				CLANG_WARN__DUPLICATE_METHOD_MATCH = YES;
				COPY_PHASE_STRIP = NO;
				DEBUG_INFORMATION_FORMAT = dwarf;
				ENABLE_STRICT_OBJC_MSGSEND = YES;
				ENABLE_TESTABILITY = YES;
				GCC_C_LANGUAGE_STANDARD = gnu11;
				GCC_DYNAMIC_NO_PIC = NO;
				GCC_NO_COMMON_BLOCKS = YES;
				GCC_OPTIMIZATION_LEVEL = 0;
				GCC_PREPROCESSOR_DEFINITIONS = (
					"DEBUG=1",
					"$(inherited)",
				);
				GCC_WARN_64_TO_32_BIT_CONVERSION = YES;
				GCC_WARN_ABOUT_RETURN_TYPE = YES_ERROR;
				GCC_WARN_UNDECLARED_SELECTOR = YES;
				GCC_WARN_UNINITIALIZED_AUTOS = YES_AGGRESSIVE;
				GCC_WARN_UNUSED_FUNCTION = YES;
				GCC_WARN_UNUSED_VARIABLE = YES;
				IPHONEOS_DEPLOYMENT_TARGET = 15.5;
				MTL_ENABLE_DEBUG_INFO = INCLUDE_SOURCE;
				MTL_FAST_MATH = YES;
				ONLY_ACTIVE_ARCH = YES;
				SDKROOT = iphoneos;
				SWIFT_ACTIVE_COMPILATION_CONDITIONS = DEBUG;
				SWIFT_OPTIMIZATION_LEVEL = "-Onone";
			};
			name = Debug;
		};
		B99FDE2F28A58F4E00F5DA30 /* Release */ = {
			isa = XCBuildConfiguration;
			buildSettings = {
				ALWAYS_SEARCH_USER_PATHS = NO;
				CLANG_ANALYZER_LOCALIZABILITY_NONLOCALIZED = YES;
				CLANG_ANALYZER_NONNULL = YES;
				CLANG_ANALYZER_NUMBER_OBJECT_CONVERSION = YES_AGGRESSIVE;
				CLANG_CXX_LANGUAGE_STANDARD = "gnu++17";
				CLANG_ENABLE_MODULES = YES;
				CLANG_ENABLE_OBJC_ARC = YES;
				CLANG_ENABLE_OBJC_WEAK = YES;
				CLANG_WARN_BLOCK_CAPTURE_AUTORELEASING = YES;
				CLANG_WARN_BOOL_CONVERSION = YES;
				CLANG_WARN_COMMA = YES;
				CLANG_WARN_CONSTANT_CONVERSION = YES;
				CLANG_WARN_DEPRECATED_OBJC_IMPLEMENTATIONS = YES;
				CLANG_WARN_DIRECT_OBJC_ISA_USAGE = YES_ERROR;
				CLANG_WARN_DOCUMENTATION_COMMENTS = YES;
				CLANG_WARN_EMPTY_BODY = YES;
				CLANG_WARN_ENUM_CONVERSION = YES;
				CLANG_WARN_INFINITE_RECURSION = YES;
				CLANG_WARN_INT_CONVERSION = YES;
				CLANG_WARN_NON_LITERAL_NULL_CONVERSION = YES;
				CLANG_WARN_OBJC_IMPLICIT_RETAIN_SELF = YES;
				CLANG_WARN_OBJC_LITERAL_CONVERSION = YES;
				CLANG_WARN_OBJC_ROOT_CLASS = YES_ERROR;
				CLANG_WARN_QUOTED_INCLUDE_IN_FRAMEWORK_HEADER = YES;
				CLANG_WARN_RANGE_LOOP_ANALYSIS = YES;
				CLANG_WARN_STRICT_PROTOTYPES = YES;
				CLANG_WARN_SUSPICIOUS_MOVE = YES;
				CLANG_WARN_UNGUARDED_AVAILABILITY = YES_AGGRESSIVE;
				CLANG_WARN_UNREACHABLE_CODE = YES;
				CLANG_WARN__DUPLICATE_METHOD_MATCH = YES;
				COPY_PHASE_STRIP = NO;
				DEBUG_INFORMATION_FORMAT = "dwarf-with-dsym";
				ENABLE_NS_ASSERTIONS = NO;
				ENABLE_STRICT_OBJC_MSGSEND = YES;
				GCC_C_LANGUAGE_STANDARD = gnu11;
				GCC_NO_COMMON_BLOCKS = YES;
				GCC_WARN_64_TO_32_BIT_CONVERSION = YES;
				GCC_WARN_ABOUT_RETURN_TYPE = YES_ERROR;
				GCC_WARN_UNDECLARED_SELECTOR = YES;
				GCC_WARN_UNINITIALIZED_AUTOS = YES_AGGRESSIVE;
				GCC_WARN_UNUSED_FUNCTION = YES;
				GCC_WARN_UNUSED_VARIABLE = YES;
				IPHONEOS_DEPLOYMENT_TARGET = 15.5;
				MTL_ENABLE_DEBUG_INFO = NO;
				MTL_FAST_MATH = YES;
				SDKROOT = iphoneos;
				SWIFT_COMPILATION_MODE = wholemodule;
				SWIFT_OPTIMIZATION_LEVEL = "-O";
				VALIDATE_PRODUCT = YES;
			};
			name = Release;
		};
		B99FDE3128A58F4E00F5DA30 /* Debug */ = {
			isa = XCBuildConfiguration;
			baseConfigurationReference = 49094571AD87ED0514619389 /* Pods-CI&T Brewery.debug.xcconfig */;
			buildSettings = {
				ASSETCATALOG_COMPILER_APPICON_NAME = AppIcon;
				ASSETCATALOG_COMPILER_GLOBAL_ACCENT_COLOR_NAME = AccentColor;
				CODE_SIGN_STYLE = Automatic;
				CURRENT_PROJECT_VERSION = 1;
				DEVELOPMENT_TEAM = 3FR268SB5J;
				GENERATE_INFOPLIST_FILE = YES;
				INFOPLIST_FILE = "CI&T Brewery/Info.plist";
				INFOPLIST_KEY_UIApplicationSupportsIndirectInputEvents = YES;
				INFOPLIST_KEY_UILaunchStoryboardName = LaunchScreen;
				INFOPLIST_KEY_UISupportedInterfaceOrientations_iPad = "UIInterfaceOrientationPortrait UIInterfaceOrientationPortraitUpsideDown UIInterfaceOrientationLandscapeLeft UIInterfaceOrientationLandscapeRight";
				INFOPLIST_KEY_UISupportedInterfaceOrientations_iPhone = "UIInterfaceOrientationPortrait UIInterfaceOrientationLandscapeLeft UIInterfaceOrientationLandscapeRight";
				LD_RUNPATH_SEARCH_PATHS = (
					"$(inherited)",
					"@executable_path/Frameworks",
				);
				MARKETING_VERSION = 1.0;
				PRODUCT_BUNDLE_IDENTIFIER = "CI-T.CI-T-Brewery";
				PRODUCT_NAME = "$(TARGET_NAME)";
				SWIFT_EMIT_LOC_STRINGS = YES;
				SWIFT_VERSION = 5.0;
				TARGETED_DEVICE_FAMILY = "1,2";
			};
			name = Debug;
		};
		B99FDE3228A58F4E00F5DA30 /* Release */ = {
			isa = XCBuildConfiguration;
			baseConfigurationReference = 91378E3B21169E401BFDC185 /* Pods-CI&T Brewery.release.xcconfig */;
			buildSettings = {
				ASSETCATALOG_COMPILER_APPICON_NAME = AppIcon;
				ASSETCATALOG_COMPILER_GLOBAL_ACCENT_COLOR_NAME = AccentColor;
				CODE_SIGN_STYLE = Automatic;
				CURRENT_PROJECT_VERSION = 1;
				DEVELOPMENT_TEAM = 3FR268SB5J;
				GENERATE_INFOPLIST_FILE = YES;
				INFOPLIST_FILE = "CI&T Brewery/Info.plist";
				INFOPLIST_KEY_UIApplicationSupportsIndirectInputEvents = YES;
				INFOPLIST_KEY_UILaunchStoryboardName = LaunchScreen;
				INFOPLIST_KEY_UISupportedInterfaceOrientations_iPad = "UIInterfaceOrientationPortrait UIInterfaceOrientationPortraitUpsideDown UIInterfaceOrientationLandscapeLeft UIInterfaceOrientationLandscapeRight";
				INFOPLIST_KEY_UISupportedInterfaceOrientations_iPhone = "UIInterfaceOrientationPortrait UIInterfaceOrientationLandscapeLeft UIInterfaceOrientationLandscapeRight";
				LD_RUNPATH_SEARCH_PATHS = (
					"$(inherited)",
					"@executable_path/Frameworks",
				);
				MARKETING_VERSION = 1.0;
				PRODUCT_BUNDLE_IDENTIFIER = "CI-T.CI-T-Brewery";
				PRODUCT_NAME = "$(TARGET_NAME)";
				SWIFT_EMIT_LOC_STRINGS = YES;
				SWIFT_VERSION = 5.0;
				TARGETED_DEVICE_FAMILY = "1,2";
			};
			name = Release;
		};
		B99FDE3428A58F4E00F5DA30 /* Debug */ = {
			isa = XCBuildConfiguration;
			buildSettings = {
				ALWAYS_EMBED_SWIFT_STANDARD_LIBRARIES = YES;
				BUNDLE_LOADER = "$(TEST_HOST)";
				CODE_SIGN_STYLE = Automatic;
				CURRENT_PROJECT_VERSION = 1;
				DEVELOPMENT_TEAM = 3FR268SB5J;
				GENERATE_INFOPLIST_FILE = YES;
				IPHONEOS_DEPLOYMENT_TARGET = 15.5;
				MARKETING_VERSION = 1.0;
				PRODUCT_BUNDLE_IDENTIFIER = "CI-T.CI-T-BreweryTests";
				PRODUCT_NAME = "$(TARGET_NAME)";
				SWIFT_EMIT_LOC_STRINGS = NO;
				SWIFT_VERSION = 5.0;
				TARGETED_DEVICE_FAMILY = "1,2";
				TEST_HOST = "$(BUILT_PRODUCTS_DIR)/CI&T Brewery.app/CI&T Brewery";
			};
			name = Debug;
		};
		B99FDE3528A58F4E00F5DA30 /* Release */ = {
			isa = XCBuildConfiguration;
			buildSettings = {
				ALWAYS_EMBED_SWIFT_STANDARD_LIBRARIES = YES;
				BUNDLE_LOADER = "$(TEST_HOST)";
				CODE_SIGN_STYLE = Automatic;
				CURRENT_PROJECT_VERSION = 1;
				DEVELOPMENT_TEAM = 3FR268SB5J;
				GENERATE_INFOPLIST_FILE = YES;
				IPHONEOS_DEPLOYMENT_TARGET = 15.5;
				MARKETING_VERSION = 1.0;
				PRODUCT_BUNDLE_IDENTIFIER = "CI-T.CI-T-BreweryTests";
				PRODUCT_NAME = "$(TARGET_NAME)";
				SWIFT_EMIT_LOC_STRINGS = NO;
				SWIFT_VERSION = 5.0;
				TARGETED_DEVICE_FAMILY = "1,2";
				TEST_HOST = "$(BUILT_PRODUCTS_DIR)/CI&T Brewery.app/CI&T Brewery";
			};
			name = Release;
		};
		B99FDE3728A58F4E00F5DA30 /* Debug */ = {
			isa = XCBuildConfiguration;
			buildSettings = {
				ALWAYS_EMBED_SWIFT_STANDARD_LIBRARIES = YES;
				CODE_SIGN_STYLE = Automatic;
				CURRENT_PROJECT_VERSION = 1;
				DEVELOPMENT_TEAM = 3FR268SB5J;
				GENERATE_INFOPLIST_FILE = YES;
				MARKETING_VERSION = 1.0;
				PRODUCT_BUNDLE_IDENTIFIER = "CI-T.CI-T-BreweryUITests";
				PRODUCT_NAME = "$(TARGET_NAME)";
				SWIFT_EMIT_LOC_STRINGS = NO;
				SWIFT_VERSION = 5.0;
				TARGETED_DEVICE_FAMILY = "1,2";
				TEST_TARGET_NAME = "CI&T Brewery";
			};
			name = Debug;
		};
		B99FDE3828A58F4E00F5DA30 /* Release */ = {
			isa = XCBuildConfiguration;
			buildSettings = {
				ALWAYS_EMBED_SWIFT_STANDARD_LIBRARIES = YES;
				CODE_SIGN_STYLE = Automatic;
				CURRENT_PROJECT_VERSION = 1;
				DEVELOPMENT_TEAM = 3FR268SB5J;
				GENERATE_INFOPLIST_FILE = YES;
				MARKETING_VERSION = 1.0;
				PRODUCT_BUNDLE_IDENTIFIER = "CI-T.CI-T-BreweryUITests";
				PRODUCT_NAME = "$(TARGET_NAME)";
				SWIFT_EMIT_LOC_STRINGS = NO;
				SWIFT_VERSION = 5.0;
				TARGETED_DEVICE_FAMILY = "1,2";
				TEST_TARGET_NAME = "CI&T Brewery";
			};
			name = Release;
		};
/* End XCBuildConfiguration section */

/* Begin XCConfigurationList section */
		B99FDE0128A58F4D00F5DA30 /* Build configuration list for PBXProject "CI&T Brewery" */ = {
			isa = XCConfigurationList;
			buildConfigurations = (
				B99FDE2E28A58F4E00F5DA30 /* Debug */,
				B99FDE2F28A58F4E00F5DA30 /* Release */,
			);
			defaultConfigurationIsVisible = 0;
			defaultConfigurationName = Release;
		};
		B99FDE3028A58F4E00F5DA30 /* Build configuration list for PBXNativeTarget "CI&T Brewery" */ = {
			isa = XCConfigurationList;
			buildConfigurations = (
				B99FDE3128A58F4E00F5DA30 /* Debug */,
				B99FDE3228A58F4E00F5DA30 /* Release */,
			);
			defaultConfigurationIsVisible = 0;
			defaultConfigurationName = Release;
		};
		B99FDE3328A58F4E00F5DA30 /* Build configuration list for PBXNativeTarget "CI&T BreweryTests" */ = {
			isa = XCConfigurationList;
			buildConfigurations = (
				B99FDE3428A58F4E00F5DA30 /* Debug */,
				B99FDE3528A58F4E00F5DA30 /* Release */,
			);
			defaultConfigurationIsVisible = 0;
			defaultConfigurationName = Release;
		};
		B99FDE3628A58F4E00F5DA30 /* Build configuration list for PBXNativeTarget "CI&T BreweryUITests" */ = {
			isa = XCConfigurationList;
			buildConfigurations = (
				B99FDE3728A58F4E00F5DA30 /* Debug */,
				B99FDE3828A58F4E00F5DA30 /* Release */,
			);
			defaultConfigurationIsVisible = 0;
			defaultConfigurationName = Release;
		};
/* End XCConfigurationList section */

/* Begin XCVersionGroup section */
		D22C936B28CFB5F100C64EA7 /* CITModel.xcdatamodeld */ = {
			isa = XCVersionGroup;
			children = (
				D22C936C28CFB5F100C64EA7 /* CITModel.xcdatamodel */,
			);
			currentVersion = D22C936C28CFB5F100C64EA7 /* CITModel.xcdatamodel */;
			path = CITModel.xcdatamodeld;
			sourceTree = "<group>";
			versionGroupType = wrapper.xcdatamodel;
		};
/* End XCVersionGroup section */
	};
	rootObject = B99FDDFE28A58F4D00F5DA30 /* Project object */;
}
